// !$*UTF8*$!
{
	archiveVersion = 1;
	classes = {
	};
	objectVersion = 46;
	objects = {

/* Begin PBXBuildFile section */
		13B07FBC1A68108700A75B9A /* AppDelegate.m in Sources */ = {isa = PBXBuildFile; fileRef = 13B07FB01A68108700A75B9A /* AppDelegate.m */; };
		13B07FBD1A68108700A75B9A /* LaunchScreen.xib in Resources */ = {isa = PBXBuildFile; fileRef = 13B07FB11A68108700A75B9A /* LaunchScreen.xib */; };
		13B07FBF1A68108700A75B9A /* Images.xcassets in Resources */ = {isa = PBXBuildFile; fileRef = 13B07FB51A68108700A75B9A /* Images.xcassets */; };
		13B07FC11A68108700A75B9A /* main.m in Sources */ = {isa = PBXBuildFile; fileRef = 13B07FB71A68108700A75B9A /* main.m */; };
		154D715EC6D0B1443913D988 /* libPods-SwiftBridgeParty.a in Frameworks */ = {isa = PBXBuildFile; fileRef = 217AB7912BF60CC40BE73426 /* libPods-SwiftBridgeParty.a */; };
		2D02E4BC1E0B4A80006451C7 /* AppDelegate.m in Sources */ = {isa = PBXBuildFile; fileRef = 13B07FB01A68108700A75B9A /* AppDelegate.m */; };
		2D02E4BD1E0B4A84006451C7 /* Images.xcassets in Resources */ = {isa = PBXBuildFile; fileRef = 13B07FB51A68108700A75B9A /* Images.xcassets */; };
		2D02E4BF1E0B4AB3006451C7 /* main.m in Sources */ = {isa = PBXBuildFile; fileRef = 13B07FB71A68108700A75B9A /* main.m */; };
		2DCD954D1E0B4F2C00145EB5 /* SwiftBridgePartyTests.m in Sources */ = {isa = PBXBuildFile; fileRef = 00E356F21AD99517003FC87E /* SwiftBridgePartyTests.m */; };
		CB1683442376573F0010746D /* UIColor+colorFromHex.swift in Sources */ = {isa = PBXBuildFile; fileRef = CB16833D2376573F0010746D /* UIColor+colorFromHex.swift */; };
		CB1683452376573F0010746D /* Examples.swift in Sources */ = {isa = PBXBuildFile; fileRef = CB16833F2376573F0010746D /* Examples.swift */; };
		CB1683462376573F0010746D /* GraphType.swift in Sources */ = {isa = PBXBuildFile; fileRef = CB1683402376573F0010746D /* GraphType.swift */; };
		CB1683472376573F0010746D /* RNScrollableGraphView.swift in Sources */ = {isa = PBXBuildFile; fileRef = CB1683412376573F0010746D /* RNScrollableGraphView.swift */; };
		CB1683482376573F0010746D /* RNScrollableGraphView.m in Sources */ = {isa = PBXBuildFile; fileRef = CB1683422376573F0010746D /* RNScrollableGraphView.m */; };
		CB1683492376573F0010746D /* RNScrollableGraphViewManager.swift in Sources */ = {isa = PBXBuildFile; fileRef = CB1683432376573F0010746D /* RNScrollableGraphViewManager.swift */; };
		CB16834F237659F60010746D /* RNCameraViewManager.swift in Sources */ = {isa = PBXBuildFile; fileRef = CB16834C237659F60010746D /* RNCameraViewManager.swift */; };
		CB168350237659F60010746D /* RNCameraView.swift in Sources */ = {isa = PBXBuildFile; fileRef = CB16834D237659F60010746D /* RNCameraView.swift */; };
		CB168351237659F60010746D /* RNCameraView.m in Sources */ = {isa = PBXBuildFile; fileRef = CB16834E237659F60010746D /* RNCameraView.m */; };
		CB168357237659FD0010746D /* RNGradientViewManager.swift in Sources */ = {isa = PBXBuildFile; fileRef = CB168353237659FD0010746D /* RNGradientViewManager.swift */; };
		CB168358237659FD0010746D /* RNLinearGradient.m in Sources */ = {isa = PBXBuildFile; fileRef = CB168354237659FD0010746D /* RNLinearGradient.m */; };
		CB168359237659FD0010746D /* RNGradientView.swift in Sources */ = {isa = PBXBuildFile; fileRef = CB168355237659FD0010746D /* RNGradientView.swift */; };
		CB16835E2376671C0010746D /* launch_icon.png in Resources */ = {isa = PBXBuildFile; fileRef = CB16835A2376671B0010746D /* launch_icon.png */; };
		CB16835F2376671C0010746D /* launch_background_image.png in Resources */ = {isa = PBXBuildFile; fileRef = CB16835C2376671B0010746D /* launch_background_image.png */; };
		CB168362237668790010746D /* launch_background_image_2.png in Resources */ = {isa = PBXBuildFile; fileRef = CB168360237668790010746D /* launch_background_image_2.png */; };
		CB1683642376758D0010746D /* main.jsbundle in Resources */ = {isa = PBXBuildFile; fileRef = CB1683632376758D0010746D /* main.jsbundle */; };
		CB7D3EC32378874F005723DC /* RNIBAView.swift in Sources */ = {isa = PBXBuildFile; fileRef = CB7D3EC22378874F005723DC /* RNIBAView.swift */; };
		CB7D3EC52378875A005723DC /* RNIBAViewManager.swift in Sources */ = {isa = PBXBuildFile; fileRef = CB7D3EC42378875A005723DC /* RNIBAViewManager.swift */; };
		CB7D3EC823788797005723DC /* RNIBAView.m in Sources */ = {isa = PBXBuildFile; fileRef = CB7D3EC723788797005723DC /* RNIBAView.m */; };
		CCB774E702FF711A4604ADEC /* libPods-SwiftBridgeParty-tvOS.a in Frameworks */ = {isa = PBXBuildFile; fileRef = 263AE9C22B892F46103C2D3B /* libPods-SwiftBridgeParty-tvOS.a */; };
		D2EEC97AA5A8E22873FFE4BD /* libPods-SwiftBridgeParty-tvOSTests.a in Frameworks */ = {isa = PBXBuildFile; fileRef = C2F06D1544E1E211945B18ED /* libPods-SwiftBridgeParty-tvOSTests.a */; };
/* End PBXBuildFile section */

/* Begin PBXContainerItemProxy section */
		2D02E4911E0B4A5D006451C7 /* PBXContainerItemProxy */ = {
			isa = PBXContainerItemProxy;
			containerPortal = 83CBB9F71A601CBA00E9B192 /* Project object */;
			proxyType = 1;
			remoteGlobalIDString = 2D02E47A1E0B4A5D006451C7;
			remoteInfo = "SwiftBridgeParty-tvOS";
		};
/* End PBXContainerItemProxy section */

/* Begin PBXFileReference section */
		00E356F11AD99517003FC87E /* Info.plist */ = {isa = PBXFileReference; lastKnownFileType = text.plist.xml; path = Info.plist; sourceTree = "<group>"; };
		00E356F21AD99517003FC87E /* SwiftBridgePartyTests.m */ = {isa = PBXFileReference; lastKnownFileType = sourcecode.c.objc; path = SwiftBridgePartyTests.m; sourceTree = "<group>"; };
		13B07F961A680F5B00A75B9A /* SwiftBridgeParty.app */ = {isa = PBXFileReference; explicitFileType = wrapper.application; includeInIndex = 0; path = SwiftBridgeParty.app; sourceTree = BUILT_PRODUCTS_DIR; };
		13B07FAF1A68108700A75B9A /* AppDelegate.h */ = {isa = PBXFileReference; fileEncoding = 4; lastKnownFileType = sourcecode.c.h; name = AppDelegate.h; path = SwiftBridgeParty/AppDelegate.h; sourceTree = "<group>"; };
		13B07FB01A68108700A75B9A /* AppDelegate.m */ = {isa = PBXFileReference; fileEncoding = 4; lastKnownFileType = sourcecode.c.objc; name = AppDelegate.m; path = SwiftBridgeParty/AppDelegate.m; sourceTree = "<group>"; };
		13B07FB21A68108700A75B9A /* Base */ = {isa = PBXFileReference; lastKnownFileType = file.xib; name = Base; path = Base.lproj/LaunchScreen.xib; sourceTree = "<group>"; };
		13B07FB51A68108700A75B9A /* Images.xcassets */ = {isa = PBXFileReference; lastKnownFileType = folder.assetcatalog; name = Images.xcassets; path = SwiftBridgeParty/Images.xcassets; sourceTree = "<group>"; };
		13B07FB61A68108700A75B9A /* Info.plist */ = {isa = PBXFileReference; fileEncoding = 4; lastKnownFileType = text.plist.xml; name = Info.plist; path = SwiftBridgeParty/Info.plist; sourceTree = "<group>"; };
		13B07FB71A68108700A75B9A /* main.m */ = {isa = PBXFileReference; fileEncoding = 4; lastKnownFileType = sourcecode.c.objc; name = main.m; path = SwiftBridgeParty/main.m; sourceTree = "<group>"; };
		206A730713D1E1FC3834B490 /* Pods-SwiftBridgeParty-tvOS.release.xcconfig */ = {isa = PBXFileReference; includeInIndex = 1; lastKnownFileType = text.xcconfig; name = "Pods-SwiftBridgeParty-tvOS.release.xcconfig"; path = "Target Support Files/Pods-SwiftBridgeParty-tvOS/Pods-SwiftBridgeParty-tvOS.release.xcconfig"; sourceTree = "<group>"; };
		217AB7912BF60CC40BE73426 /* libPods-SwiftBridgeParty.a */ = {isa = PBXFileReference; explicitFileType = archive.ar; includeInIndex = 0; path = "libPods-SwiftBridgeParty.a"; sourceTree = BUILT_PRODUCTS_DIR; };
		263AE9C22B892F46103C2D3B /* libPods-SwiftBridgeParty-tvOS.a */ = {isa = PBXFileReference; explicitFileType = archive.ar; includeInIndex = 0; path = "libPods-SwiftBridgeParty-tvOS.a"; sourceTree = BUILT_PRODUCTS_DIR; };
		2D02E47B1E0B4A5D006451C7 /* SwiftBridgeParty-tvOS.app */ = {isa = PBXFileReference; explicitFileType = wrapper.application; includeInIndex = 0; path = "SwiftBridgeParty-tvOS.app"; sourceTree = BUILT_PRODUCTS_DIR; };
		2D02E4901E0B4A5D006451C7 /* SwiftBridgeParty-tvOSTests.xctest */ = {isa = PBXFileReference; explicitFileType = wrapper.cfbundle; includeInIndex = 0; path = "SwiftBridgeParty-tvOSTests.xctest"; sourceTree = BUILT_PRODUCTS_DIR; };
		5CA6018DD36122AFC7EFD8AE /* Pods-SwiftBridgeParty-tvOS.debug.xcconfig */ = {isa = PBXFileReference; includeInIndex = 1; lastKnownFileType = text.xcconfig; name = "Pods-SwiftBridgeParty-tvOS.debug.xcconfig"; path = "Target Support Files/Pods-SwiftBridgeParty-tvOS/Pods-SwiftBridgeParty-tvOS.debug.xcconfig"; sourceTree = "<group>"; };
		C2F06D1544E1E211945B18ED /* libPods-SwiftBridgeParty-tvOSTests.a */ = {isa = PBXFileReference; explicitFileType = archive.ar; includeInIndex = 0; path = "libPods-SwiftBridgeParty-tvOSTests.a"; sourceTree = BUILT_PRODUCTS_DIR; };
		CB16831723764C0F0010746D /* SwiftBridgeParty-Bridging-Header.h */ = {isa = PBXFileReference; lastKnownFileType = sourcecode.c.h; path = "SwiftBridgeParty-Bridging-Header.h"; sourceTree = "<group>"; };
		CB16833D2376573F0010746D /* UIColor+colorFromHex.swift */ = {isa = PBXFileReference; fileEncoding = 4; lastKnownFileType = sourcecode.swift; path = "UIColor+colorFromHex.swift"; sourceTree = "<group>"; };
		CB16833E2376573F0010746D /* RNScrollableGraphView.h */ = {isa = PBXFileReference; fileEncoding = 4; lastKnownFileType = sourcecode.c.h; path = RNScrollableGraphView.h; sourceTree = "<group>"; };
		CB16833F2376573F0010746D /* Examples.swift */ = {isa = PBXFileReference; fileEncoding = 4; lastKnownFileType = sourcecode.swift; path = Examples.swift; sourceTree = "<group>"; };
		CB1683402376573F0010746D /* GraphType.swift */ = {isa = PBXFileReference; fileEncoding = 4; lastKnownFileType = sourcecode.swift; path = GraphType.swift; sourceTree = "<group>"; };
		CB1683412376573F0010746D /* RNScrollableGraphView.swift */ = {isa = PBXFileReference; fileEncoding = 4; lastKnownFileType = sourcecode.swift; path = RNScrollableGraphView.swift; sourceTree = "<group>"; };
		CB1683422376573F0010746D /* RNScrollableGraphView.m */ = {isa = PBXFileReference; fileEncoding = 4; lastKnownFileType = sourcecode.c.objc; path = RNScrollableGraphView.m; sourceTree = "<group>"; };
		CB1683432376573F0010746D /* RNScrollableGraphViewManager.swift */ = {isa = PBXFileReference; fileEncoding = 4; lastKnownFileType = sourcecode.swift; path = RNScrollableGraphViewManager.swift; sourceTree = "<group>"; };
		CB16834B237659F60010746D /* RNCameraView.h */ = {isa = PBXFileReference; fileEncoding = 4; lastKnownFileType = sourcecode.c.h; path = RNCameraView.h; sourceTree = "<group>"; };
		CB16834C237659F60010746D /* RNCameraViewManager.swift */ = {isa = PBXFileReference; fileEncoding = 4; lastKnownFileType = sourcecode.swift; path = RNCameraViewManager.swift; sourceTree = "<group>"; };
		CB16834D237659F60010746D /* RNCameraView.swift */ = {isa = PBXFileReference; fileEncoding = 4; lastKnownFileType = sourcecode.swift; path = RNCameraView.swift; sourceTree = "<group>"; };
		CB16834E237659F60010746D /* RNCameraView.m */ = {isa = PBXFileReference; fileEncoding = 4; lastKnownFileType = sourcecode.c.objc; path = RNCameraView.m; sourceTree = "<group>"; };
		CB168353237659FD0010746D /* RNGradientViewManager.swift */ = {isa = PBXFileReference; fileEncoding = 4; lastKnownFileType = sourcecode.swift; path = RNGradientViewManager.swift; sourceTree = "<group>"; };
		CB168354237659FD0010746D /* RNLinearGradient.m */ = {isa = PBXFileReference; fileEncoding = 4; lastKnownFileType = sourcecode.c.objc; path = RNLinearGradient.m; sourceTree = "<group>"; };
		CB168355237659FD0010746D /* RNGradientView.swift */ = {isa = PBXFileReference; fileEncoding = 4; lastKnownFileType = sourcecode.swift; path = RNGradientView.swift; sourceTree = "<group>"; };
		CB168356237659FD0010746D /* RNLinearGradient.h */ = {isa = PBXFileReference; fileEncoding = 4; lastKnownFileType = sourcecode.c.h; path = RNLinearGradient.h; sourceTree = "<group>"; };
		CB16835B2376671B0010746D /* Base */ = {isa = PBXFileReference; lastKnownFileType = image.png; name = Base; path = SwiftBridgeParty/Base.lproj/launch_icon.png; sourceTree = "<group>"; };
		CB16835D2376671B0010746D /* Base */ = {isa = PBXFileReference; lastKnownFileType = image.png; name = Base; path = SwiftBridgeParty/Base.lproj/launch_background_image.png; sourceTree = "<group>"; };
		CB168361237668790010746D /* Base */ = {isa = PBXFileReference; lastKnownFileType = image.png; name = Base; path = SwiftBridgeParty/Base.lproj/launch_background_image_2.png; sourceTree = "<group>"; };
		CB1683632376758D0010746D /* main.jsbundle */ = {isa = PBXFileReference; fileEncoding = 4; lastKnownFileType = text; name = main.jsbundle; path = SwiftBridgeParty/main.jsbundle; sourceTree = "<group>"; };
		CB7D3EC22378874F005723DC /* RNIBAView.swift */ = {isa = PBXFileReference; lastKnownFileType = sourcecode.swift; path = RNIBAView.swift; sourceTree = "<group>"; };
		CB7D3EC42378875A005723DC /* RNIBAViewManager.swift */ = {isa = PBXFileReference; lastKnownFileType = sourcecode.swift; path = RNIBAViewManager.swift; sourceTree = "<group>"; };
		CB7D3EC623788797005723DC /* RNIBAView.h */ = {isa = PBXFileReference; lastKnownFileType = sourcecode.c.h; path = RNIBAView.h; sourceTree = "<group>"; };
		CB7D3EC723788797005723DC /* RNIBAView.m */ = {isa = PBXFileReference; lastKnownFileType = sourcecode.c.objc; path = RNIBAView.m; sourceTree = "<group>"; };
		D655F5C8CC7724EEE6F36145 /* Pods-SwiftBridgePartyTests.release.xcconfig */ = {isa = PBXFileReference; includeInIndex = 1; lastKnownFileType = text.xcconfig; name = "Pods-SwiftBridgePartyTests.release.xcconfig"; path = "Target Support Files/Pods-SwiftBridgePartyTests/Pods-SwiftBridgePartyTests.release.xcconfig"; sourceTree = "<group>"; };
		D97E5A288E23DBD6DEB511AA /* Pods-SwiftBridgeParty-tvOSTests.release.xcconfig */ = {isa = PBXFileReference; includeInIndex = 1; lastKnownFileType = text.xcconfig; name = "Pods-SwiftBridgeParty-tvOSTests.release.xcconfig"; path = "Target Support Files/Pods-SwiftBridgeParty-tvOSTests/Pods-SwiftBridgeParty-tvOSTests.release.xcconfig"; sourceTree = "<group>"; };
		DC32EFDC2E904DF9820931E6 /* Pods-SwiftBridgePartyTests.debug.xcconfig */ = {isa = PBXFileReference; includeInIndex = 1; lastKnownFileType = text.xcconfig; name = "Pods-SwiftBridgePartyTests.debug.xcconfig"; path = "Target Support Files/Pods-SwiftBridgePartyTests/Pods-SwiftBridgePartyTests.debug.xcconfig"; sourceTree = "<group>"; };
		E5D3B3D61DEBFB89CFF3293F /* Pods-SwiftBridgeParty-tvOSTests.debug.xcconfig */ = {isa = PBXFileReference; includeInIndex = 1; lastKnownFileType = text.xcconfig; name = "Pods-SwiftBridgeParty-tvOSTests.debug.xcconfig"; path = "Target Support Files/Pods-SwiftBridgeParty-tvOSTests/Pods-SwiftBridgeParty-tvOSTests.debug.xcconfig"; sourceTree = "<group>"; };
		E6BD16A4F0F61CD031404747 /* Pods-SwiftBridgeParty.release.xcconfig */ = {isa = PBXFileReference; includeInIndex = 1; lastKnownFileType = text.xcconfig; name = "Pods-SwiftBridgeParty.release.xcconfig"; path = "Target Support Files/Pods-SwiftBridgeParty/Pods-SwiftBridgeParty.release.xcconfig"; sourceTree = "<group>"; };
		ED297162215061F000B7C4FE /* JavaScriptCore.framework */ = {isa = PBXFileReference; lastKnownFileType = wrapper.framework; name = JavaScriptCore.framework; path = System/Library/Frameworks/JavaScriptCore.framework; sourceTree = SDKROOT; };
		ED2971642150620600B7C4FE /* JavaScriptCore.framework */ = {isa = PBXFileReference; lastKnownFileType = wrapper.framework; name = JavaScriptCore.framework; path = Platforms/AppleTVOS.platform/Developer/SDKs/AppleTVOS12.0.sdk/System/Library/Frameworks/JavaScriptCore.framework; sourceTree = DEVELOPER_DIR; };
		F12B3B5C5072331BC7BBAE89 /* Pods-SwiftBridgeParty.debug.xcconfig */ = {isa = PBXFileReference; includeInIndex = 1; lastKnownFileType = text.xcconfig; name = "Pods-SwiftBridgeParty.debug.xcconfig"; path = "Target Support Files/Pods-SwiftBridgeParty/Pods-SwiftBridgeParty.debug.xcconfig"; sourceTree = "<group>"; };
		FE2ED98DF77483E612897382 /* libPods-SwiftBridgePartyTests.a */ = {isa = PBXFileReference; explicitFileType = archive.ar; includeInIndex = 0; path = "libPods-SwiftBridgePartyTests.a"; sourceTree = BUILT_PRODUCTS_DIR; };
/* End PBXFileReference section */

/* Begin PBXFrameworksBuildPhase section */
		13B07F8C1A680F5B00A75B9A /* Frameworks */ = {
			isa = PBXFrameworksBuildPhase;
			buildActionMask = 2147483647;
			files = (
				154D715EC6D0B1443913D988 /* libPods-SwiftBridgeParty.a in Frameworks */,
			);
			runOnlyForDeploymentPostprocessing = 0;
		};
		2D02E4781E0B4A5D006451C7 /* Frameworks */ = {
			isa = PBXFrameworksBuildPhase;
			buildActionMask = 2147483647;
			files = (
				CCB774E702FF711A4604ADEC /* libPods-SwiftBridgeParty-tvOS.a in Frameworks */,
			);
			runOnlyForDeploymentPostprocessing = 0;
		};
		2D02E48D1E0B4A5D006451C7 /* Frameworks */ = {
			isa = PBXFrameworksBuildPhase;
			buildActionMask = 2147483647;
			files = (
				D2EEC97AA5A8E22873FFE4BD /* libPods-SwiftBridgeParty-tvOSTests.a in Frameworks */,
			);
			runOnlyForDeploymentPostprocessing = 0;
		};
/* End PBXFrameworksBuildPhase section */

/* Begin PBXGroup section */
		00E356EF1AD99517003FC87E /* SwiftBridgePartyTests */ = {
			isa = PBXGroup;
			children = (
				00E356F21AD99517003FC87E /* SwiftBridgePartyTests.m */,
				00E356F01AD99517003FC87E /* Supporting Files */,
			);
			path = SwiftBridgePartyTests;
			sourceTree = "<group>";
		};
		00E356F01AD99517003FC87E /* Supporting Files */ = {
			isa = PBXGroup;
			children = (
				00E356F11AD99517003FC87E /* Info.plist */,
			);
			name = "Supporting Files";
			sourceTree = "<group>";
		};
		13B07FAE1A68108700A75B9A /* SwiftBridgeParty */ = {
			isa = PBXGroup;
			children = (
				CB7D3EC123788708005723DC /* RNInputBarAccessoryView */,
				CB168352237659FD0010746D /* RNGradientView */,
				CB16834A237659F60010746D /* RNCameraView */,
				CB16833C2376573F0010746D /* RNScrollableGraphView */,
				CB16831723764C0F0010746D /* SwiftBridgeParty-Bridging-Header.h */,
				13B07FAF1A68108700A75B9A /* AppDelegate.h */,
				13B07FB01A68108700A75B9A /* AppDelegate.m */,
				CB1683632376758D0010746D /* main.jsbundle */,
				13B07FB51A68108700A75B9A /* Images.xcassets */,
				13B07FB61A68108700A75B9A /* Info.plist */,
				13B07FB11A68108700A75B9A /* LaunchScreen.xib */,
				CB16835C2376671B0010746D /* launch_background_image.png */,
				CB168360237668790010746D /* launch_background_image_2.png */,
				CB16835A2376671B0010746D /* launch_icon.png */,
				13B07FB71A68108700A75B9A /* main.m */,
			);
			name = SwiftBridgeParty;
			sourceTree = "<group>";
		};
		2D16E6871FA4F8E400B85C8A /* Frameworks */ = {
			isa = PBXGroup;
			children = (
				ED297162215061F000B7C4FE /* JavaScriptCore.framework */,
				ED2971642150620600B7C4FE /* JavaScriptCore.framework */,
				217AB7912BF60CC40BE73426 /* libPods-SwiftBridgeParty.a */,
				263AE9C22B892F46103C2D3B /* libPods-SwiftBridgeParty-tvOS.a */,
				C2F06D1544E1E211945B18ED /* libPods-SwiftBridgeParty-tvOSTests.a */,
				FE2ED98DF77483E612897382 /* libPods-SwiftBridgePartyTests.a */,
			);
			name = Frameworks;
			sourceTree = "<group>";
		};
		832341AE1AAA6A7D00B99B32 /* Libraries */ = {
			isa = PBXGroup;
			children = (
			);
			name = Libraries;
			sourceTree = "<group>";
		};
		83CBB9F61A601CBA00E9B192 = {
			isa = PBXGroup;
			children = (
				13B07FAE1A68108700A75B9A /* SwiftBridgeParty */,
				832341AE1AAA6A7D00B99B32 /* Libraries */,
				00E356EF1AD99517003FC87E /* SwiftBridgePartyTests */,
				83CBBA001A601CBA00E9B192 /* Products */,
				2D16E6871FA4F8E400B85C8A /* Frameworks */,
				D17D2F93E7C9F68FFAB242C9 /* Pods */,
			);
			indentWidth = 2;
			sourceTree = "<group>";
			tabWidth = 2;
			usesTabs = 0;
		};
		83CBBA001A601CBA00E9B192 /* Products */ = {
			isa = PBXGroup;
			children = (
				13B07F961A680F5B00A75B9A /* SwiftBridgeParty.app */,
				2D02E47B1E0B4A5D006451C7 /* SwiftBridgeParty-tvOS.app */,
				2D02E4901E0B4A5D006451C7 /* SwiftBridgeParty-tvOSTests.xctest */,
			);
			name = Products;
			sourceTree = "<group>";
		};
		CB16833C2376573F0010746D /* RNScrollableGraphView */ = {
			isa = PBXGroup;
			children = (
				CB16833D2376573F0010746D /* UIColor+colorFromHex.swift */,
				CB16833E2376573F0010746D /* RNScrollableGraphView.h */,
				CB16833F2376573F0010746D /* Examples.swift */,
				CB1683402376573F0010746D /* GraphType.swift */,
				CB1683412376573F0010746D /* RNScrollableGraphView.swift */,
				CB1683422376573F0010746D /* RNScrollableGraphView.m */,
				CB1683432376573F0010746D /* RNScrollableGraphViewManager.swift */,
			);
			path = RNScrollableGraphView;
			sourceTree = "<group>";
		};
		CB16834A237659F60010746D /* RNCameraView */ = {
			isa = PBXGroup;
			children = (
				CB16834B237659F60010746D /* RNCameraView.h */,
				CB16834C237659F60010746D /* RNCameraViewManager.swift */,
				CB16834D237659F60010746D /* RNCameraView.swift */,
				CB16834E237659F60010746D /* RNCameraView.m */,
			);
			path = RNCameraView;
			sourceTree = "<group>";
		};
		CB168352237659FD0010746D /* RNGradientView */ = {
			isa = PBXGroup;
			children = (
				CB168353237659FD0010746D /* RNGradientViewManager.swift */,
				CB168354237659FD0010746D /* RNLinearGradient.m */,
				CB168355237659FD0010746D /* RNGradientView.swift */,
				CB168356237659FD0010746D /* RNLinearGradient.h */,
			);
			path = RNGradientView;
			sourceTree = "<group>";
		};
		CB7D3EC123788708005723DC /* RNInputBarAccessoryView */ = {
			isa = PBXGroup;
			children = (
				CB7D3EC22378874F005723DC /* RNIBAView.swift */,
				CB7D3EC42378875A005723DC /* RNIBAViewManager.swift */,
				CB7D3EC623788797005723DC /* RNIBAView.h */,
				CB7D3EC723788797005723DC /* RNIBAView.m */,
			);
			path = RNInputBarAccessoryView;
			sourceTree = "<group>";
		};
		D17D2F93E7C9F68FFAB242C9 /* Pods */ = {
			isa = PBXGroup;
			children = (
				F12B3B5C5072331BC7BBAE89 /* Pods-SwiftBridgeParty.debug.xcconfig */,
				E6BD16A4F0F61CD031404747 /* Pods-SwiftBridgeParty.release.xcconfig */,
				5CA6018DD36122AFC7EFD8AE /* Pods-SwiftBridgeParty-tvOS.debug.xcconfig */,
				206A730713D1E1FC3834B490 /* Pods-SwiftBridgeParty-tvOS.release.xcconfig */,
				E5D3B3D61DEBFB89CFF3293F /* Pods-SwiftBridgeParty-tvOSTests.debug.xcconfig */,
				D97E5A288E23DBD6DEB511AA /* Pods-SwiftBridgeParty-tvOSTests.release.xcconfig */,
				DC32EFDC2E904DF9820931E6 /* Pods-SwiftBridgePartyTests.debug.xcconfig */,
				D655F5C8CC7724EEE6F36145 /* Pods-SwiftBridgePartyTests.release.xcconfig */,
			);
			path = Pods;
			sourceTree = "<group>";
		};
/* End PBXGroup section */

/* Begin PBXNativeTarget section */
		13B07F861A680F5B00A75B9A /* SwiftBridgeParty */ = {
			isa = PBXNativeTarget;
			buildConfigurationList = 13B07F931A680F5B00A75B9A /* Build configuration list for PBXNativeTarget "SwiftBridgeParty" */;
			buildPhases = (
				B614723C69B758BA77760650 /* [CP] Check Pods Manifest.lock */,
				FD10A7F022414F080027D42C /* Start Packager */,
				13B07F871A680F5B00A75B9A /* Sources */,
				13B07F8C1A680F5B00A75B9A /* Frameworks */,
				13B07F8E1A680F5B00A75B9A /* Resources */,
				00DD1BFF1BD5951E006B06BC /* Bundle React Native code and images */,
				3022BFA58584259DF15304E0 /* [CP] Copy Pods Resources */,
			);
			buildRules = (
			);
			dependencies = (
			);
			name = SwiftBridgeParty;
			productName = SwiftBridgeParty;
			productReference = 13B07F961A680F5B00A75B9A /* SwiftBridgeParty.app */;
			productType = "com.apple.product-type.application";
		};
		2D02E47A1E0B4A5D006451C7 /* SwiftBridgeParty-tvOS */ = {
			isa = PBXNativeTarget;
			buildConfigurationList = 2D02E4BA1E0B4A5E006451C7 /* Build configuration list for PBXNativeTarget "SwiftBridgeParty-tvOS" */;
			buildPhases = (
				5B5B4D2CBE77D5ABEE94C049 /* [CP] Check Pods Manifest.lock */,
				FD10A7F122414F3F0027D42C /* Start Packager */,
				2D02E4771E0B4A5D006451C7 /* Sources */,
				2D02E4781E0B4A5D006451C7 /* Frameworks */,
				2D02E4791E0B4A5D006451C7 /* Resources */,
				2D02E4CB1E0B4B27006451C7 /* Bundle React Native Code And Images */,
			);
			buildRules = (
			);
			dependencies = (
			);
			name = "SwiftBridgeParty-tvOS";
			productName = "SwiftBridgeParty-tvOS";
			productReference = 2D02E47B1E0B4A5D006451C7 /* SwiftBridgeParty-tvOS.app */;
			productType = "com.apple.product-type.application";
		};
		2D02E48F1E0B4A5D006451C7 /* SwiftBridgeParty-tvOSTests */ = {
			isa = PBXNativeTarget;
			buildConfigurationList = 2D02E4BB1E0B4A5E006451C7 /* Build configuration list for PBXNativeTarget "SwiftBridgeParty-tvOSTests" */;
			buildPhases = (
				331770B8A05D54E0D9F63912 /* [CP] Check Pods Manifest.lock */,
				2D02E48C1E0B4A5D006451C7 /* Sources */,
				2D02E48D1E0B4A5D006451C7 /* Frameworks */,
				2D02E48E1E0B4A5D006451C7 /* Resources */,
			);
			buildRules = (
			);
			dependencies = (
				2D02E4921E0B4A5D006451C7 /* PBXTargetDependency */,
			);
			name = "SwiftBridgeParty-tvOSTests";
			productName = "SwiftBridgeParty-tvOSTests";
			productReference = 2D02E4901E0B4A5D006451C7 /* SwiftBridgeParty-tvOSTests.xctest */;
			productType = "com.apple.product-type.bundle.unit-test";
		};
/* End PBXNativeTarget section */

/* Begin PBXProject section */
		83CBB9F71A601CBA00E9B192 /* Project object */ = {
			isa = PBXProject;
			attributes = {
				LastUpgradeCheck = 0940;
				ORGANIZATIONNAME = Facebook;
				TargetAttributes = {
					13B07F861A680F5B00A75B9A = {
						DevelopmentTeam = A465B9H56U;
						LastSwiftMigration = 1120;
					};
					2D02E47A1E0B4A5D006451C7 = {
						CreatedOnToolsVersion = 8.2.1;
						ProvisioningStyle = Automatic;
					};
					2D02E48F1E0B4A5D006451C7 = {
						CreatedOnToolsVersion = 8.2.1;
						ProvisioningStyle = Automatic;
						TestTargetID = 2D02E47A1E0B4A5D006451C7;
					};
				};
			};
			buildConfigurationList = 83CBB9FA1A601CBA00E9B192 /* Build configuration list for PBXProject "SwiftBridgeParty" */;
			compatibilityVersion = "Xcode 3.2";
			developmentRegion = English;
			hasScannedForEncodings = 0;
			knownRegions = (
				English,
				en,
				Base,
			);
			mainGroup = 83CBB9F61A601CBA00E9B192;
			productRefGroup = 83CBBA001A601CBA00E9B192 /* Products */;
			projectDirPath = "";
			projectRoot = "";
			targets = (
				13B07F861A680F5B00A75B9A /* SwiftBridgeParty */,
				2D02E47A1E0B4A5D006451C7 /* SwiftBridgeParty-tvOS */,
				2D02E48F1E0B4A5D006451C7 /* SwiftBridgeParty-tvOSTests */,
			);
		};
/* End PBXProject section */

/* Begin PBXResourcesBuildPhase section */
		13B07F8E1A680F5B00A75B9A /* Resources */ = {
			isa = PBXResourcesBuildPhase;
			buildActionMask = 2147483647;
			files = (
				CB16835E2376671C0010746D /* launch_icon.png in Resources */,
				13B07FBF1A68108700A75B9A /* Images.xcassets in Resources */,
				CB16835F2376671C0010746D /* launch_background_image.png in Resources */,
				CB1683642376758D0010746D /* main.jsbundle in Resources */,
				13B07FBD1A68108700A75B9A /* LaunchScreen.xib in Resources */,
				CB168362237668790010746D /* launch_background_image_2.png in Resources */,
			);
			runOnlyForDeploymentPostprocessing = 0;
		};
		2D02E4791E0B4A5D006451C7 /* Resources */ = {
			isa = PBXResourcesBuildPhase;
			buildActionMask = 2147483647;
			files = (
				2D02E4BD1E0B4A84006451C7 /* Images.xcassets in Resources */,
			);
			runOnlyForDeploymentPostprocessing = 0;
		};
		2D02E48E1E0B4A5D006451C7 /* Resources */ = {
			isa = PBXResourcesBuildPhase;
			buildActionMask = 2147483647;
			files = (
			);
			runOnlyForDeploymentPostprocessing = 0;
		};
/* End PBXResourcesBuildPhase section */

/* Begin PBXShellScriptBuildPhase section */
		00DD1BFF1BD5951E006B06BC /* Bundle React Native code and images */ = {
			isa = PBXShellScriptBuildPhase;
			buildActionMask = 2147483647;
			files = (
			);
			inputPaths = (
			);
			name = "Bundle React Native code and images";
			outputPaths = (
			);
			runOnlyForDeploymentPostprocessing = 0;
			shellPath = /bin/sh;
			shellScript = "export NODE_BINARY=node\n../node_modules/react-native/scripts/react-native-xcode.sh\n";
		};
		2D02E4CB1E0B4B27006451C7 /* Bundle React Native Code And Images */ = {
			isa = PBXShellScriptBuildPhase;
			buildActionMask = 2147483647;
			files = (
			);
			inputPaths = (
			);
			name = "Bundle React Native Code And Images";
			outputPaths = (
			);
			runOnlyForDeploymentPostprocessing = 0;
			shellPath = /bin/sh;
			shellScript = "export NODE_BINARY=node\n../node_modules/react-native/scripts/react-native-xcode.sh";
		};
		3022BFA58584259DF15304E0 /* [CP] Copy Pods Resources */ = {
			isa = PBXShellScriptBuildPhase;
			buildActionMask = 2147483647;
			files = (
			);
			inputPaths = (
				"${PODS_ROOT}/Target Support Files/Pods-SwiftBridgeParty/Pods-SwiftBridgeParty-resources.sh",
				"${PODS_CONFIGURATION_BUILD_DIR}/CameraBackground/CameraBackground.bundle",
				"${PODS_ROOT}/../../node_modules/react-native-vector-icons/Fonts/AntDesign.ttf",
				"${PODS_ROOT}/../../node_modules/react-native-vector-icons/Fonts/Entypo.ttf",
				"${PODS_ROOT}/../../node_modules/react-native-vector-icons/Fonts/EvilIcons.ttf",
				"${PODS_ROOT}/../../node_modules/react-native-vector-icons/Fonts/Feather.ttf",
				"${PODS_ROOT}/../../node_modules/react-native-vector-icons/Fonts/FontAwesome.ttf",
				"${PODS_ROOT}/../../node_modules/react-native-vector-icons/Fonts/FontAwesome5_Brands.ttf",
				"${PODS_ROOT}/../../node_modules/react-native-vector-icons/Fonts/FontAwesome5_Regular.ttf",
				"${PODS_ROOT}/../../node_modules/react-native-vector-icons/Fonts/FontAwesome5_Solid.ttf",
				"${PODS_ROOT}/../../node_modules/react-native-vector-icons/Fonts/Fontisto.ttf",
				"${PODS_ROOT}/../../node_modules/react-native-vector-icons/Fonts/Foundation.ttf",
				"${PODS_ROOT}/../../node_modules/react-native-vector-icons/Fonts/Ionicons.ttf",
				"${PODS_ROOT}/../../node_modules/react-native-vector-icons/Fonts/MaterialCommunityIcons.ttf",
				"${PODS_ROOT}/../../node_modules/react-native-vector-icons/Fonts/MaterialIcons.ttf",
				"${PODS_ROOT}/../../node_modules/react-native-vector-icons/Fonts/Octicons.ttf",
				"${PODS_ROOT}/../../node_modules/react-native-vector-icons/Fonts/SimpleLineIcons.ttf",
				"${PODS_ROOT}/../../node_modules/react-native-vector-icons/Fonts/Zocial.ttf",
			);
			name = "[CP] Copy Pods Resources";
			outputPaths = (
				"${TARGET_BUILD_DIR}/${UNLOCALIZED_RESOURCES_FOLDER_PATH}/CameraBackground.bundle",
				"${TARGET_BUILD_DIR}/${UNLOCALIZED_RESOURCES_FOLDER_PATH}/AntDesign.ttf",
				"${TARGET_BUILD_DIR}/${UNLOCALIZED_RESOURCES_FOLDER_PATH}/Entypo.ttf",
				"${TARGET_BUILD_DIR}/${UNLOCALIZED_RESOURCES_FOLDER_PATH}/EvilIcons.ttf",
				"${TARGET_BUILD_DIR}/${UNLOCALIZED_RESOURCES_FOLDER_PATH}/Feather.ttf",
				"${TARGET_BUILD_DIR}/${UNLOCALIZED_RESOURCES_FOLDER_PATH}/FontAwesome.ttf",
				"${TARGET_BUILD_DIR}/${UNLOCALIZED_RESOURCES_FOLDER_PATH}/FontAwesome5_Brands.ttf",
				"${TARGET_BUILD_DIR}/${UNLOCALIZED_RESOURCES_FOLDER_PATH}/FontAwesome5_Regular.ttf",
				"${TARGET_BUILD_DIR}/${UNLOCALIZED_RESOURCES_FOLDER_PATH}/FontAwesome5_Solid.ttf",
				"${TARGET_BUILD_DIR}/${UNLOCALIZED_RESOURCES_FOLDER_PATH}/Fontisto.ttf",
				"${TARGET_BUILD_DIR}/${UNLOCALIZED_RESOURCES_FOLDER_PATH}/Foundation.ttf",
				"${TARGET_BUILD_DIR}/${UNLOCALIZED_RESOURCES_FOLDER_PATH}/Ionicons.ttf",
				"${TARGET_BUILD_DIR}/${UNLOCALIZED_RESOURCES_FOLDER_PATH}/MaterialCommunityIcons.ttf",
				"${TARGET_BUILD_DIR}/${UNLOCALIZED_RESOURCES_FOLDER_PATH}/MaterialIcons.ttf",
				"${TARGET_BUILD_DIR}/${UNLOCALIZED_RESOURCES_FOLDER_PATH}/Octicons.ttf",
				"${TARGET_BUILD_DIR}/${UNLOCALIZED_RESOURCES_FOLDER_PATH}/SimpleLineIcons.ttf",
				"${TARGET_BUILD_DIR}/${UNLOCALIZED_RESOURCES_FOLDER_PATH}/Zocial.ttf",
			);
			runOnlyForDeploymentPostprocessing = 0;
			shellPath = /bin/sh;
			shellScript = "\"${PODS_ROOT}/Target Support Files/Pods-SwiftBridgeParty/Pods-SwiftBridgeParty-resources.sh\"\n";
			showEnvVarsInLog = 0;
		};
		331770B8A05D54E0D9F63912 /* [CP] Check Pods Manifest.lock */ = {
			isa = PBXShellScriptBuildPhase;
			buildActionMask = 2147483647;
			files = (
			);
			inputFileListPaths = (
			);
			inputPaths = (
				"${PODS_PODFILE_DIR_PATH}/Podfile.lock",
				"${PODS_ROOT}/Manifest.lock",
			);
			name = "[CP] Check Pods Manifest.lock";
			outputFileListPaths = (
			);
			outputPaths = (
				"$(DERIVED_FILE_DIR)/Pods-SwiftBridgeParty-tvOSTests-checkManifestLockResult.txt",
			);
			runOnlyForDeploymentPostprocessing = 0;
			shellPath = /bin/sh;
			shellScript = "diff \"${PODS_PODFILE_DIR_PATH}/Podfile.lock\" \"${PODS_ROOT}/Manifest.lock\" > /dev/null\nif [ $? != 0 ] ; then\n    # print error to STDERR\n    echo \"error: The sandbox is not in sync with the Podfile.lock. Run 'pod install' or update your CocoaPods installation.\" >&2\n    exit 1\nfi\n# This output is used by Xcode 'outputs' to avoid re-running this script phase.\necho \"SUCCESS\" > \"${SCRIPT_OUTPUT_FILE_0}\"\n";
			showEnvVarsInLog = 0;
		};
		5B5B4D2CBE77D5ABEE94C049 /* [CP] Check Pods Manifest.lock */ = {
			isa = PBXShellScriptBuildPhase;
			buildActionMask = 2147483647;
			files = (
			);
			inputFileListPaths = (
			);
			inputPaths = (
				"${PODS_PODFILE_DIR_PATH}/Podfile.lock",
				"${PODS_ROOT}/Manifest.lock",
			);
			name = "[CP] Check Pods Manifest.lock";
			outputFileListPaths = (
			);
			outputPaths = (
				"$(DERIVED_FILE_DIR)/Pods-SwiftBridgeParty-tvOS-checkManifestLockResult.txt",
			);
			runOnlyForDeploymentPostprocessing = 0;
			shellPath = /bin/sh;
			shellScript = "diff \"${PODS_PODFILE_DIR_PATH}/Podfile.lock\" \"${PODS_ROOT}/Manifest.lock\" > /dev/null\nif [ $? != 0 ] ; then\n    # print error to STDERR\n    echo \"error: The sandbox is not in sync with the Podfile.lock. Run 'pod install' or update your CocoaPods installation.\" >&2\n    exit 1\nfi\n# This output is used by Xcode 'outputs' to avoid re-running this script phase.\necho \"SUCCESS\" > \"${SCRIPT_OUTPUT_FILE_0}\"\n";
			showEnvVarsInLog = 0;
		};
		B614723C69B758BA77760650 /* [CP] Check Pods Manifest.lock */ = {
			isa = PBXShellScriptBuildPhase;
			buildActionMask = 2147483647;
			files = (
			);
			inputFileListPaths = (
			);
			inputPaths = (
				"${PODS_PODFILE_DIR_PATH}/Podfile.lock",
				"${PODS_ROOT}/Manifest.lock",
			);
			name = "[CP] Check Pods Manifest.lock";
			outputFileListPaths = (
			);
			outputPaths = (
				"$(DERIVED_FILE_DIR)/Pods-SwiftBridgeParty-checkManifestLockResult.txt",
			);
			runOnlyForDeploymentPostprocessing = 0;
			shellPath = /bin/sh;
			shellScript = "diff \"${PODS_PODFILE_DIR_PATH}/Podfile.lock\" \"${PODS_ROOT}/Manifest.lock\" > /dev/null\nif [ $? != 0 ] ; then\n    # print error to STDERR\n    echo \"error: The sandbox is not in sync with the Podfile.lock. Run 'pod install' or update your CocoaPods installation.\" >&2\n    exit 1\nfi\n# This output is used by Xcode 'outputs' to avoid re-running this script phase.\necho \"SUCCESS\" > \"${SCRIPT_OUTPUT_FILE_0}\"\n";
			showEnvVarsInLog = 0;
		};
		FD10A7F022414F080027D42C /* Start Packager */ = {
			isa = PBXShellScriptBuildPhase;
			buildActionMask = 2147483647;
			files = (
			);
			inputFileListPaths = (
			);
			inputPaths = (
			);
			name = "Start Packager";
			outputFileListPaths = (
			);
			outputPaths = (
			);
			runOnlyForDeploymentPostprocessing = 0;
			shellPath = /bin/sh;
			shellScript = "export RCT_METRO_PORT=\"${RCT_METRO_PORT:=8081}\"\necho \"export RCT_METRO_PORT=${RCT_METRO_PORT}\" > \"${SRCROOT}/../node_modules/react-native/scripts/.packager.env\"\nif [ -z \"${RCT_NO_LAUNCH_PACKAGER+xxx}\" ] ; then\n  if nc -w 5 -z localhost ${RCT_METRO_PORT} ; then\n    if ! curl -s \"http://localhost:${RCT_METRO_PORT}/status\" | grep -q \"packager-status:running\" ; then\n      echo \"Port ${RCT_METRO_PORT} already in use, packager is either not running or not running correctly\"\n      exit 2\n    fi\n  else\n    open \"$SRCROOT/../node_modules/react-native/scripts/launchPackager.command\" || echo \"Can't start packager automatically\"\n  fi\nfi\n";
			showEnvVarsInLog = 0;
		};
		FD10A7F122414F3F0027D42C /* Start Packager */ = {
			isa = PBXShellScriptBuildPhase;
			buildActionMask = 2147483647;
			files = (
			);
			inputFileListPaths = (
			);
			inputPaths = (
			);
			name = "Start Packager";
			outputFileListPaths = (
			);
			outputPaths = (
			);
			runOnlyForDeploymentPostprocessing = 0;
			shellPath = /bin/sh;
			shellScript = "export RCT_METRO_PORT=\"${RCT_METRO_PORT:=8081}\"\necho \"export RCT_METRO_PORT=${RCT_METRO_PORT}\" > \"${SRCROOT}/../node_modules/react-native/scripts/.packager.env\"\nif [ -z \"${RCT_NO_LAUNCH_PACKAGER+xxx}\" ] ; then\n  if nc -w 5 -z localhost ${RCT_METRO_PORT} ; then\n    if ! curl -s \"http://localhost:${RCT_METRO_PORT}/status\" | grep -q \"packager-status:running\" ; then\n      echo \"Port ${RCT_METRO_PORT} already in use, packager is either not running or not running correctly\"\n      exit 2\n    fi\n  else\n    open \"$SRCROOT/../node_modules/react-native/scripts/launchPackager.command\" || echo \"Can't start packager automatically\"\n  fi\nfi\n";
			showEnvVarsInLog = 0;
		};
/* End PBXShellScriptBuildPhase section */

/* Begin PBXSourcesBuildPhase section */
		13B07F871A680F5B00A75B9A /* Sources */ = {
			isa = PBXSourcesBuildPhase;
			buildActionMask = 2147483647;
			files = (
				CB168359237659FD0010746D /* RNGradientView.swift in Sources */,
				CB16834F237659F60010746D /* RNCameraViewManager.swift in Sources */,
				CB1683462376573F0010746D /* GraphType.swift in Sources */,
				CB7D3EC52378875A005723DC /* RNIBAViewManager.swift in Sources */,
				13B07FBC1A68108700A75B9A /* AppDelegate.m in Sources */,
				CB168351237659F60010746D /* RNCameraView.m in Sources */,
				CB168358237659FD0010746D /* RNLinearGradient.m in Sources */,
				CB1683492376573F0010746D /* RNScrollableGraphViewManager.swift in Sources */,
				CB1683482376573F0010746D /* RNScrollableGraphView.m in Sources */,
				CB1683442376573F0010746D /* UIColor+colorFromHex.swift in Sources */,
				13B07FC11A68108700A75B9A /* main.m in Sources */,
				CB7D3EC823788797005723DC /* RNIBAView.m in Sources */,
				CB168350237659F60010746D /* RNCameraView.swift in Sources */,
				CB1683472376573F0010746D /* RNScrollableGraphView.swift in Sources */,
				CB168357237659FD0010746D /* RNGradientViewManager.swift in Sources */,
				CB1683452376573F0010746D /* Examples.swift in Sources */,
				CB7D3EC32378874F005723DC /* RNIBAView.swift in Sources */,
			);
			runOnlyForDeploymentPostprocessing = 0;
		};
		2D02E4771E0B4A5D006451C7 /* Sources */ = {
			isa = PBXSourcesBuildPhase;
			buildActionMask = 2147483647;
			files = (
				2D02E4BF1E0B4AB3006451C7 /* main.m in Sources */,
				2D02E4BC1E0B4A80006451C7 /* AppDelegate.m in Sources */,
			);
			runOnlyForDeploymentPostprocessing = 0;
		};
		2D02E48C1E0B4A5D006451C7 /* Sources */ = {
			isa = PBXSourcesBuildPhase;
			buildActionMask = 2147483647;
			files = (
				2DCD954D1E0B4F2C00145EB5 /* SwiftBridgePartyTests.m in Sources */,
			);
			runOnlyForDeploymentPostprocessing = 0;
		};
/* End PBXSourcesBuildPhase section */

/* Begin PBXTargetDependency section */
		2D02E4921E0B4A5D006451C7 /* PBXTargetDependency */ = {
			isa = PBXTargetDependency;
			target = 2D02E47A1E0B4A5D006451C7 /* SwiftBridgeParty-tvOS */;
			targetProxy = 2D02E4911E0B4A5D006451C7 /* PBXContainerItemProxy */;
		};
/* End PBXTargetDependency section */

/* Begin PBXVariantGroup section */
		13B07FB11A68108700A75B9A /* LaunchScreen.xib */ = {
			isa = PBXVariantGroup;
			children = (
				13B07FB21A68108700A75B9A /* Base */,
			);
			name = LaunchScreen.xib;
			path = SwiftBridgeParty;
			sourceTree = "<group>";
		};
		CB16835A2376671B0010746D /* launch_icon.png */ = {
			isa = PBXVariantGroup;
			children = (
				CB16835B2376671B0010746D /* Base */,
			);
			name = launch_icon.png;
			sourceTree = "<group>";
		};
		CB16835C2376671B0010746D /* launch_background_image.png */ = {
			isa = PBXVariantGroup;
			children = (
				CB16835D2376671B0010746D /* Base */,
			);
			name = launch_background_image.png;
			sourceTree = "<group>";
		};
		CB168360237668790010746D /* launch_background_image_2.png */ = {
			isa = PBXVariantGroup;
			children = (
				CB168361237668790010746D /* Base */,
			);
			name = launch_background_image_2.png;
			sourceTree = "<group>";
		};
/* End PBXVariantGroup section */

/* Begin XCBuildConfiguration section */
		13B07F941A680F5B00A75B9A /* Debug */ = {
			isa = XCBuildConfiguration;
			baseConfigurationReference = F12B3B5C5072331BC7BBAE89 /* Pods-SwiftBridgeParty.debug.xcconfig */;
			buildSettings = {
				ASSETCATALOG_COMPILER_APPICON_NAME = AppIcon;
				CLANG_ENABLE_MODULES = YES;
				CURRENT_PROJECT_VERSION = 1;
				DEAD_CODE_STRIPPING = NO;
				DEVELOPMENT_TEAM = A465B9H56U;
				INFOPLIST_FILE = SwiftBridgeParty/Info.plist;
				IPHONEOS_DEPLOYMENT_TARGET = 11.0;
				LD_RUNPATH_SEARCH_PATHS = "$(inherited) @executable_path/Frameworks";
				OTHER_LDFLAGS = (
					"$(inherited)",
					"-ObjC",
					"-lc++",
				);
				PRODUCT_BUNDLE_IDENTIFIER = com.usorov.SwiftBridgeParty;
				PRODUCT_NAME = SwiftBridgeParty;
				SWIFT_OBJC_BRIDGING_HEADER = "SwiftBridgeParty-Bridging-Header.h";
				SWIFT_OPTIMIZATION_LEVEL = "-Onone";
				SWIFT_VERSION = 5.0;
				VERSIONING_SYSTEM = "apple-generic";
			};
			name = Debug;
		};
		13B07F951A680F5B00A75B9A /* Release */ = {
			isa = XCBuildConfiguration;
			baseConfigurationReference = E6BD16A4F0F61CD031404747 /* Pods-SwiftBridgeParty.release.xcconfig */;
			buildSettings = {
				ASSETCATALOG_COMPILER_APPICON_NAME = AppIcon;
				CLANG_ENABLE_MODULES = YES;
				CURRENT_PROJECT_VERSION = 1;
				DEVELOPMENT_TEAM = A465B9H56U;
				INFOPLIST_FILE = SwiftBridgeParty/Info.plist;
				IPHONEOS_DEPLOYMENT_TARGET = 11.0;
				LD_RUNPATH_SEARCH_PATHS = "$(inherited) @executable_path/Frameworks";
				OTHER_LDFLAGS = (
					"$(inherited)",
					"-ObjC",
					"-lc++",
				);
				PRODUCT_BUNDLE_IDENTIFIER = com.usorov.SwiftBridgeParty;
				PRODUCT_NAME = SwiftBridgeParty;
				SWIFT_OBJC_BRIDGING_HEADER = "SwiftBridgeParty-Bridging-Header.h";
				SWIFT_VERSION = 5.0;
				VERSIONING_SYSTEM = "apple-generic";
			};
			name = Release;
		};
		2D02E4971E0B4A5E006451C7 /* Debug */ = {
			isa = XCBuildConfiguration;
			baseConfigurationReference = 5CA6018DD36122AFC7EFD8AE /* Pods-SwiftBridgeParty-tvOS.debug.xcconfig */;
			buildSettings = {
				ASSETCATALOG_COMPILER_APPICON_NAME = "App Icon & Top Shelf Image";
				ASSETCATALOG_COMPILER_LAUNCHIMAGE_NAME = LaunchImage;
				CLANG_ANALYZER_NONNULL = YES;
				CLANG_WARN_DOCUMENTATION_COMMENTS = YES;
				CLANG_WARN_INFINITE_RECURSION = YES;
				CLANG_WARN_SUSPICIOUS_MOVE = YES;
				DEBUG_INFORMATION_FORMAT = dwarf;
				ENABLE_TESTABILITY = YES;
				GCC_NO_COMMON_BLOCKS = YES;
				INFOPLIST_FILE = "SwiftBridgeParty-tvOS/Info.plist";
				LD_RUNPATH_SEARCH_PATHS = "$(inherited) @executable_path/Frameworks";
				OTHER_LDFLAGS = (
					"$(inherited)",
					"-ObjC",
					"-lc++",
				);
				PRODUCT_BUNDLE_IDENTIFIER = "com.facebook.REACT.SwiftBridgeParty-tvOS";
				PRODUCT_NAME = "$(TARGET_NAME)";
				SDKROOT = appletvos;
				TARGETED_DEVICE_FAMILY = 3;
				TVOS_DEPLOYMENT_TARGET = 9.2;
			};
			name = Debug;
		};
		2D02E4981E0B4A5E006451C7 /* Release */ = {
			isa = XCBuildConfiguration;
			baseConfigurationReference = 206A730713D1E1FC3834B490 /* Pods-SwiftBridgeParty-tvOS.release.xcconfig */;
			buildSettings = {
				ASSETCATALOG_COMPILER_APPICON_NAME = "App Icon & Top Shelf Image";
				ASSETCATALOG_COMPILER_LAUNCHIMAGE_NAME = LaunchImage;
				CLANG_ANALYZER_NONNULL = YES;
				CLANG_WARN_DOCUMENTATION_COMMENTS = YES;
				CLANG_WARN_INFINITE_RECURSION = YES;
				CLANG_WARN_SUSPICIOUS_MOVE = YES;
				COPY_PHASE_STRIP = NO;
				DEBUG_INFORMATION_FORMAT = "dwarf-with-dsym";
				GCC_NO_COMMON_BLOCKS = YES;
				INFOPLIST_FILE = "SwiftBridgeParty-tvOS/Info.plist";
				LD_RUNPATH_SEARCH_PATHS = "$(inherited) @executable_path/Frameworks";
				OTHER_LDFLAGS = (
					"$(inherited)",
					"-ObjC",
					"-lc++",
				);
				PRODUCT_BUNDLE_IDENTIFIER = "com.facebook.REACT.SwiftBridgeParty-tvOS";
				PRODUCT_NAME = "$(TARGET_NAME)";
				SDKROOT = appletvos;
				TARGETED_DEVICE_FAMILY = 3;
				TVOS_DEPLOYMENT_TARGET = 9.2;
			};
			name = Release;
		};
		2D02E4991E0B4A5E006451C7 /* Debug */ = {
			isa = XCBuildConfiguration;
			baseConfigurationReference = E5D3B3D61DEBFB89CFF3293F /* Pods-SwiftBridgeParty-tvOSTests.debug.xcconfig */;
			buildSettings = {
				BUNDLE_LOADER = "$(TEST_HOST)";
				CLANG_ANALYZER_NONNULL = YES;
				CLANG_WARN_DOCUMENTATION_COMMENTS = YES;
				CLANG_WARN_INFINITE_RECURSION = YES;
				CLANG_WARN_SUSPICIOUS_MOVE = YES;
				DEBUG_INFORMATION_FORMAT = dwarf;
				ENABLE_TESTABILITY = YES;
				GCC_NO_COMMON_BLOCKS = YES;
				INFOPLIST_FILE = "SwiftBridgeParty-tvOSTests/Info.plist";
				LD_RUNPATH_SEARCH_PATHS = "$(inherited) @executable_path/Frameworks @loader_path/Frameworks";
				OTHER_LDFLAGS = (
					"$(inherited)",
					"-ObjC",
					"-lc++",
				);
				PRODUCT_BUNDLE_IDENTIFIER = "com.facebook.REACT.SwiftBridgeParty-tvOSTests";
				PRODUCT_NAME = "$(TARGET_NAME)";
				SDKROOT = appletvos;
				TEST_HOST = "$(BUILT_PRODUCTS_DIR)/SwiftBridgeParty-tvOS.app/SwiftBridgeParty-tvOS";
				TVOS_DEPLOYMENT_TARGET = 10.1;
			};
			name = Debug;
		};
		2D02E49A1E0B4A5E006451C7 /* Release */ = {
			isa = XCBuildConfiguration;
			baseConfigurationReference = D97E5A288E23DBD6DEB511AA /* Pods-SwiftBridgeParty-tvOSTests.release.xcconfig */;
			buildSettings = {
				BUNDLE_LOADER = "$(TEST_HOST)";
				CLANG_ANALYZER_NONNULL = YES;
				CLANG_WARN_DOCUMENTATION_COMMENTS = YES;
				CLANG_WARN_INFINITE_RECURSION = YES;
				CLANG_WARN_SUSPICIOUS_MOVE = YES;
				COPY_PHASE_STRIP = NO;
				DEBUG_INFORMATION_FORMAT = "dwarf-with-dsym";
				GCC_NO_COMMON_BLOCKS = YES;
				INFOPLIST_FILE = "SwiftBridgeParty-tvOSTests/Info.plist";
				LD_RUNPATH_SEARCH_PATHS = "$(inherited) @executable_path/Frameworks @loader_path/Frameworks";
				OTHER_LDFLAGS = (
					"$(inherited)",
					"-ObjC",
					"-lc++",
				);
				PRODUCT_BUNDLE_IDENTIFIER = "com.facebook.REACT.SwiftBridgeParty-tvOSTests";
				PRODUCT_NAME = "$(TARGET_NAME)";
				SDKROOT = appletvos;
				TEST_HOST = "$(BUILT_PRODUCTS_DIR)/SwiftBridgeParty-tvOS.app/SwiftBridgeParty-tvOS";
				TVOS_DEPLOYMENT_TARGET = 10.1;
			};
			name = Release;
		};
		83CBBA201A601CBA00E9B192 /* Debug */ = {
			isa = XCBuildConfiguration;
			buildSettings = {
				ALWAYS_SEARCH_USER_PATHS = NO;
				CLANG_CXX_LANGUAGE_STANDARD = "gnu++0x";
				CLANG_CXX_LIBRARY = "libc++";
				CLANG_ENABLE_MODULES = YES;
				CLANG_ENABLE_OBJC_ARC = YES;
				CLANG_WARN_BLOCK_CAPTURE_AUTORELEASING = YES;
				CLANG_WARN_BOOL_CONVERSION = YES;
				CLANG_WARN_COMMA = YES;
				CLANG_WARN_CONSTANT_CONVERSION = YES;
				CLANG_WARN_DEPRECATED_OBJC_IMPLEMENTATIONS = YES;
				CLANG_WARN_DIRECT_OBJC_ISA_USAGE = YES_ERROR;
				CLANG_WARN_EMPTY_BODY = YES;
				CLANG_WARN_ENUM_CONVERSION = YES;
				CLANG_WARN_INFINITE_RECURSION = YES;
				CLANG_WARN_INT_CONVERSION = YES;
				CLANG_WARN_NON_LITERAL_NULL_CONVERSION = YES;
				CLANG_WARN_OBJC_IMPLICIT_RETAIN_SELF = YES;
				CLANG_WARN_OBJC_LITERAL_CONVERSION = YES;
				CLANG_WARN_OBJC_ROOT_CLASS = YES_ERROR;
				CLANG_WARN_RANGE_LOOP_ANALYSIS = YES;
				CLANG_WARN_STRICT_PROTOTYPES = YES;
				CLANG_WARN_SUSPICIOUS_MOVE = YES;
				CLANG_WARN_UNREACHABLE_CODE = YES;
				CLANG_WARN__DUPLICATE_METHOD_MATCH = YES;
				"CODE_SIGN_IDENTITY[sdk=iphoneos*]" = "iPhone Developer";
				COPY_PHASE_STRIP = NO;
				ENABLE_STRICT_OBJC_MSGSEND = YES;
				ENABLE_TESTABILITY = YES;
				GCC_C_LANGUAGE_STANDARD = gnu99;
				GCC_DYNAMIC_NO_PIC = NO;
				GCC_NO_COMMON_BLOCKS = YES;
				GCC_OPTIMIZATION_LEVEL = 0;
				GCC_PREPROCESSOR_DEFINITIONS = (
					"DEBUG=1",
					"$(inherited)",
				);
				GCC_SYMBOLS_PRIVATE_EXTERN = NO;
				GCC_WARN_64_TO_32_BIT_CONVERSION = YES;
				GCC_WARN_ABOUT_RETURN_TYPE = YES_ERROR;
				GCC_WARN_UNDECLARED_SELECTOR = YES;
				GCC_WARN_UNINITIALIZED_AUTOS = YES_AGGRESSIVE;
				GCC_WARN_UNUSED_FUNCTION = YES;
				GCC_WARN_UNUSED_VARIABLE = YES;
				IPHONEOS_DEPLOYMENT_TARGET = 9.0;
				MTL_ENABLE_DEBUG_INFO = YES;
				ONLY_ACTIVE_ARCH = YES;
				SDKROOT = iphoneos;
			};
			name = Debug;
		};
		83CBBA211A601CBA00E9B192 /* Release */ = {
			isa = XCBuildConfiguration;
			buildSettings = {
				ALWAYS_SEARCH_USER_PATHS = NO;
				CLANG_CXX_LANGUAGE_STANDARD = "gnu++0x";
				CLANG_CXX_LIBRARY = "libc++";
				CLANG_ENABLE_MODULES = YES;
				CLANG_ENABLE_OBJC_ARC = YES;
				CLANG_WARN_BLOCK_CAPTURE_AUTORELEASING = YES;
				CLANG_WARN_BOOL_CONVERSION = YES;
				CLANG_WARN_COMMA = YES;
				CLANG_WARN_CONSTANT_CONVERSION = YES;
				CLANG_WARN_DEPRECATED_OBJC_IMPLEMENTATIONS = YES;
				CLANG_WARN_DIRECT_OBJC_ISA_USAGE = YES_ERROR;
				CLANG_WARN_EMPTY_BODY = YES;
				CLANG_WARN_ENUM_CONVERSION = YES;
				CLANG_WARN_INFINITE_RECURSION = YES;
				CLANG_WARN_INT_CONVERSION = YES;
				CLANG_WARN_NON_LITERAL_NULL_CONVERSION = YES;
				CLANG_WARN_OBJC_IMPLICIT_RETAIN_SELF = YES;
				CLANG_WARN_OBJC_LITERAL_CONVERSION = YES;
				CLANG_WARN_OBJC_ROOT_CLASS = YES_ERROR;
				CLANG_WARN_RANGE_LOOP_ANALYSIS = YES;
				CLANG_WARN_STRICT_PROTOTYPES = YES;
				CLANG_WARN_SUSPICIOUS_MOVE = YES;
				CLANG_WARN_UNREACHABLE_CODE = YES;
				CLANG_WARN__DUPLICATE_METHOD_MATCH = YES;
				"CODE_SIGN_IDENTITY[sdk=iphoneos*]" = "iPhone Developer";
				COPY_PHASE_STRIP = YES;
				ENABLE_NS_ASSERTIONS = NO;
				ENABLE_STRICT_OBJC_MSGSEND = YES;
				GCC_C_LANGUAGE_STANDARD = gnu99;
				GCC_NO_COMMON_BLOCKS = YES;
				GCC_WARN_64_TO_32_BIT_CONVERSION = YES;
				GCC_WARN_ABOUT_RETURN_TYPE = YES_ERROR;
				GCC_WARN_UNDECLARED_SELECTOR = YES;
				GCC_WARN_UNINITIALIZED_AUTOS = YES_AGGRESSIVE;
				GCC_WARN_UNUSED_FUNCTION = YES;
				GCC_WARN_UNUSED_VARIABLE = YES;
				IPHONEOS_DEPLOYMENT_TARGET = 9.0;
				MTL_ENABLE_DEBUG_INFO = NO;
				SDKROOT = iphoneos;
				VALIDATE_PRODUCT = YES;
			};
			name = Release;
		};
/* End XCBuildConfiguration section */

/* Begin XCConfigurationList section */
		13B07F931A680F5B00A75B9A /* Build configuration list for PBXNativeTarget "SwiftBridgeParty" */ = {
			isa = XCConfigurationList;
			buildConfigurations = (
				13B07F941A680F5B00A75B9A /* Debug */,
				13B07F951A680F5B00A75B9A /* Release */,
			);
			defaultConfigurationIsVisible = 0;
			defaultConfigurationName = Release;
		};
		2D02E4BA1E0B4A5E006451C7 /* Build configuration list for PBXNativeTarget "SwiftBridgeParty-tvOS" */ = {
			isa = XCConfigurationList;
			buildConfigurations = (
				2D02E4971E0B4A5E006451C7 /* Debug */,
				2D02E4981E0B4A5E006451C7 /* Release */,
			);
			defaultConfigurationIsVisible = 0;
			defaultConfigurationName = Release;
		};
		2D02E4BB1E0B4A5E006451C7 /* Build configuration list for PBXNativeTarget "SwiftBridgeParty-tvOSTests" */ = {
			isa = XCConfigurationList;
			buildConfigurations = (
				2D02E4991E0B4A5E006451C7 /* Debug */,
				2D02E49A1E0B4A5E006451C7 /* Release */,
			);
			defaultConfigurationIsVisible = 0;
			defaultConfigurationName = Release;
		};
		83CBB9FA1A601CBA00E9B192 /* Build configuration list for PBXProject "SwiftBridgeParty" */ = {
			isa = XCConfigurationList;
			buildConfigurations = (
				83CBBA201A601CBA00E9B192 /* Debug */,
				83CBBA211A601CBA00E9B192 /* Release */,
			);
			defaultConfigurationIsVisible = 0;
			defaultConfigurationName = Release;
		};
/* End XCConfigurationList section */
	};
	rootObject = 83CBB9F71A601CBA00E9B192 /* Project object */;
}
